
Microsoft Visual Studio Solution File, Format Version 12.00
# Visual Studio 14
VisualStudioVersion = 14.0.25420.1
MinimumVisualStudioVersion = 10.0.40219.1
Project("{FAE04EC0-301F-11D3-BF4B-00C04F79EFBC}") = "FastLateBoundGenerics", "FastLateBoundGenerics\FastLateBoundGenerics.csproj", "{841B3E42-822E-42CC-B584-03D8894F5DC6}"
EndProject
Project("{FAE04EC0-301F-11D3-BF4B-00C04F79EFBC}") = "Plugin", "ClassLibrary1\Plugin.csproj", "{5D436410-35B8-496E-8F42-FC218C4DF2C9}"
EndProject
Global
	GlobalSection(SolutionConfigurationPlatforms) = preSolution
		Debug|Any CPU = Debug|Any CPU
		Release|Any CPU = Release|Any CPU
	EndGlobalSection
	GlobalSection(ProjectConfigurationPlatforms) = postSolution
		{841B3E42-822E-42CC-B584-03D8894F5DC6}.Debug|Any CPU.ActiveCfg = Debug|Any CPU
		{841B3E42-822E-42CC-B584-03D8894F5DC6}.Debug|Any CPU.Build.0 = Debug|Any CPU
		{841B3E42-822E-42CC-B584-03D8894F5DC6}.Release|Any CPU.ActiveCfg = Release|Any CPU
		{841B3E42-822E-42CC-B584-03D8894F5DC6}.Release|Any CPU.Build.0 = Release|Any CPU
		{5D436410-35B8-496E-8F42-FC218C4DF2C9}.Debug|Any CPU.ActiveCfg = Debug|Any CPU
		{5D436410-35B8-496E-8F42-FC218C4DF2C9}.Debug|Any CPU.Build.0 = Debug|Any CPU
		{5D436410-35B8-496E-8F42-FC218C4DF2C9}.Release|Any CPU.ActiveCfg = Release|Any CPU
		{5D436410-35B8-496E-8F42-FC218C4DF2C9}.Release|Any CPU.Build.0 = Release|Any CPU
	EndGlobalSection
	GlobalSection(SolutionProperties) = preSolution
		HideSolutionNode = FALSE
	EndGlobalSection
EndGlobal
